
Microsoft Visual Studio Solution File, Format Version 12.00
# Visual Studio 15
VisualStudioVersion = 15.0.28307.421
MinimumVisualStudioVersion = 10.0.40219.1
Project("{FAE04EC0-301F-11D3-BF4B-00C04F79EFBC}") = "AvtoShop", "CourseWork\AvtoShop.csproj", "{0A2B8748-E736-4C70-9E54-4650D8D682ED}"
EndProject
Project("{FAE04EC0-301F-11D3-BF4B-00C04F79EFBC}") = "AvtoShopServiceDAL", "AvtoShopServiceDAL\AvtoShopServiceDAL.csproj", "{3AA4B250-0B10-4803-B45A-8BB555F07101}"
EndProject
Global
	GlobalSection(SolutionConfigurationPlatforms) = preSolution
		Debug|Any CPU = Debug|Any CPU
		Release|Any CPU = Release|Any CPU
	EndGlobalSection
	GlobalSection(ProjectConfigurationPlatforms) = postSolution
		{0A2B8748-E736-4C70-9E54-4650D8D682ED}.Debug|Any CPU.ActiveCfg = Debug|Any CPU
		{0A2B8748-E736-4C70-9E54-4650D8D682ED}.Debug|Any CPU.Build.0 = Debug|Any CPU
		{0A2B8748-E736-4C70-9E54-4650D8D682ED}.Release|Any CPU.ActiveCfg = Release|Any CPU
		{0A2B8748-E736-4C70-9E54-4650D8D682ED}.Release|Any CPU.Build.0 = Release|Any CPU
		{3AA4B250-0B10-4803-B45A-8BB555F07101}.Debug|Any CPU.ActiveCfg = Debug|Any CPU
		{3AA4B250-0B10-4803-B45A-8BB555F07101}.Debug|Any CPU.Build.0 = Debug|Any CPU
		{3AA4B250-0B10-4803-B45A-8BB555F07101}.Release|Any CPU.ActiveCfg = Release|Any CPU
		{3AA4B250-0B10-4803-B45A-8BB555F07101}.Release|Any CPU.Build.0 = Release|Any CPU
	EndGlobalSection
	GlobalSection(SolutionProperties) = preSolution
		HideSolutionNode = FALSE
	EndGlobalSection
	GlobalSection(ExtensibilityGlobals) = postSolution
		SolutionGuid = {E6CEB92A-A754-45A9-9A66-DEC094A58062}
	EndGlobalSection
EndGlobal
